
Microsoft Visual Studio Solution File, Format Version 12.00
# Visual Studio Version 17
VisualStudioVersion = 17.9.34622.214
MinimumVisualStudioVersion = 10.0.40219.1
Project("{FAE04EC0-301F-11D3-BF4B-00C04F79EFBC}") = "ChatGPTClient", "WindowsFormsApp1\ChatGPTClient.csproj", "{481E6C80-07B1-4588-8E28-7E162409BA24}"
EndProject
Global
	GlobalSection(SolutionConfigurationPlatforms) = preSolution
		Debug|Any CPU = Debug|Any CPU
		Release|Any CPU = Release|Any CPU
	EndGlobalSection
	GlobalSection(ProjectConfigurationPlatforms) = postSolution
		{481E6C80-07B1-4588-8E28-7E162409BA24}.Debug|Any CPU.ActiveCfg = Debug|Any CPU
		{481E6C80-07B1-4588-8E28-7E162409BA24}.Debug|Any CPU.Build.0 = Debug|Any CPU
		{481E6C80-07B1-4588-8E28-7E162409BA24}.Release|Any CPU.ActiveCfg = Release|Any CPU
		{481E6C80-07B1-4588-8E28-7E162409BA24}.Release|Any CPU.Build.0 = Release|Any CPU
	EndGlobalSection
	GlobalSection(SolutionProperties) = preSolution
		HideSolutionNode = FALSE
	EndGlobalSection
	GlobalSection(ExtensibilityGlobals) = postSolution
		SolutionGuid = {A63440E4-D4ED-4C04-B167-7AB48D1A5193}
	EndGlobalSection
EndGlobal
